
Microsoft Visual Studio Solution File, Format Version 12.00
# Visual Studio Version 17
VisualStudioVersion = 17.8.34316.72
MinimumVisualStudioVersion = 10.0.40219.1
Project("{FAE04EC0-301F-11D3-BF4B-00C04F79EFBC}") = "ConsoleApp1", "ConsoleApp1\ConsoleApp1.csproj", "{CDAD2884-9149-40DB-9F80-8B9826352B0D}"
EndProject
Global
	GlobalSection(SolutionConfigurationPlatforms) = preSolution
		Debug|Any CPU = Debug|Any CPU
		Release|Any CPU = Release|Any CPU
	EndGlobalSection
	GlobalSection(ProjectConfigurationPlatforms) = postSolution
		{CDAD2884-9149-40DB-9F80-8B9826352B0D}.Debug|Any CPU.ActiveCfg = Debug|Any CPU
		{CDAD2884-9149-40DB-9F80-8B9826352B0D}.Debug|Any CPU.Build.0 = Debug|Any CPU
		{CDAD2884-9149-40DB-9F80-8B9826352B0D}.Release|Any CPU.ActiveCfg = Release|Any CPU
		{CDAD2884-9149-40DB-9F80-8B9826352B0D}.Release|Any CPU.Build.0 = Release|Any CPU
	EndGlobalSection
	GlobalSection(SolutionProperties) = preSolution
		HideSolutionNode = FALSE
	EndGlobalSection
	GlobalSection(ExtensibilityGlobals) = postSolution
		SolutionGuid = {5CE0BE9A-69D7-4EA9-B6FC-5D66B25D5FF4}
	EndGlobalSection
EndGlobal
